
Microsoft Visual Studio Solution File, Format Version 12.00
# Visual Studio Version 17
VisualStudioVersion = 17.5.33414.496
MinimumVisualStudioVersion = 10.0.40219.1
Project("{FAE04EC0-301F-11D3-BF4B-00C04F79EFBC}") = "SistemaInventario", "SistemaInventario\SistemaInventario.csproj", "{CDBA6C35-B2DF-4A4A-9E4C-D9638DC8AFF9}"
EndProject
Project("{FAE04EC0-301F-11D3-BF4B-00C04F79EFBC}") = "SistemaInventario.AccesoDatos", "SistemaInventario.AccesoDatos\SistemaInventario.AccesoDatos.csproj", "{413F90F1-4657-49A5-BF4B-63EF577DE2E2}"
EndProject
Project("{FAE04EC0-301F-11D3-BF4B-00C04F79EFBC}") = "SistemaInventario.Utilidades", "SistemaInventario.Utilidades\SistemaInventario.Utilidades.csproj", "{8BA744F1-8031-42D9-8F13-A5A70C4D5446}"
EndProject
Project("{FAE04EC0-301F-11D3-BF4B-00C04F79EFBC}") = "SistemaInventario.Modelos", "SistemaInventario.Modelos\SistemaInventario.Modelos.csproj", "{239E067A-1F56-4728-AF85-C66575021E59}"
EndProject
Global
	GlobalSection(SolutionConfigurationPlatforms) = preSolution
		Debug|Any CPU = Debug|Any CPU
		Release|Any CPU = Release|Any CPU
	EndGlobalSection
	GlobalSection(ProjectConfigurationPlatforms) = postSolution
		{CDBA6C35-B2DF-4A4A-9E4C-D9638DC8AFF9}.Debug|Any CPU.ActiveCfg = Debug|Any CPU
		{CDBA6C35-B2DF-4A4A-9E4C-D9638DC8AFF9}.Debug|Any CPU.Build.0 = Debug|Any CPU
		{CDBA6C35-B2DF-4A4A-9E4C-D9638DC8AFF9}.Release|Any CPU.ActiveCfg = Release|Any CPU
		{CDBA6C35-B2DF-4A4A-9E4C-D9638DC8AFF9}.Release|Any CPU.Build.0 = Release|Any CPU
		{413F90F1-4657-49A5-BF4B-63EF577DE2E2}.Debug|Any CPU.ActiveCfg = Debug|Any CPU
		{413F90F1-4657-49A5-BF4B-63EF577DE2E2}.Debug|Any CPU.Build.0 = Debug|Any CPU
		{413F90F1-4657-49A5-BF4B-63EF577DE2E2}.Release|Any CPU.ActiveCfg = Release|Any CPU
		{413F90F1-4657-49A5-BF4B-63EF577DE2E2}.Release|Any CPU.Build.0 = Release|Any CPU
		{8BA744F1-8031-42D9-8F13-A5A70C4D5446}.Debug|Any CPU.ActiveCfg = Debug|Any CPU
		{8BA744F1-8031-42D9-8F13-A5A70C4D5446}.Debug|Any CPU.Build.0 = Debug|Any CPU
		{8BA744F1-8031-42D9-8F13-A5A70C4D5446}.Release|Any CPU.ActiveCfg = Release|Any CPU
		{8BA744F1-8031-42D9-8F13-A5A70C4D5446}.Release|Any CPU.Build.0 = Release|Any CPU
		{239E067A-1F56-4728-AF85-C66575021E59}.Debug|Any CPU.ActiveCfg = Debug|Any CPU
		{239E067A-1F56-4728-AF85-C66575021E59}.Debug|Any CPU.Build.0 = Debug|Any CPU
		{239E067A-1F56-4728-AF85-C66575021E59}.Release|Any CPU.ActiveCfg = Release|Any CPU
		{239E067A-1F56-4728-AF85-C66575021E59}.Release|Any CPU.Build.0 = Release|Any CPU
	EndGlobalSection
	GlobalSection(SolutionProperties) = preSolution
		HideSolutionNode = FALSE
	EndGlobalSection
	GlobalSection(ExtensibilityGlobals) = postSolution
		SolutionGuid = {97B0B526-D93A-41EB-9399-1397F5FA7BC2}
	EndGlobalSection
EndGlobal
